// !$*UTF8*$!
{
	archiveVersion = 1;
	classes = {
	};
	objectVersion = 42;
	objects = {

/* Begin PBXBuildFile section */
		2C03810A0DE01FF900E6B7D4 /* PacketTCP.h in CopyFiles */ = {isa = PBXBuildFile; fileRef = 2C0381080DE01FF900E6B7D4 /* PacketTCP.h */; };
		2C03836A0DE25D3500E6B7D4 /* PacketEthernet.h in CopyFiles */ = {isa = PBXBuildFile; fileRef = 2C0383680DE25D3500E6B7D4 /* PacketEthernet.h */; };
		2C03836B0DE25D3500E6B7D4 /* PacketEthernet.m in Sources */ = {isa = PBXBuildFile; fileRef = 2C0383690DE25D3500E6B7D4 /* PacketEthernet.m */; };
		2C03836E0DE25D5400E6B7D4 /* PacketIP.h in CopyFiles */ = {isa = PBXBuildFile; fileRef = 2C03836C0DE25D5400E6B7D4 /* PacketIP.h */; };
		2C03836F0DE25D5400E6B7D4 /* PacketIP.m in Sources */ = {isa = PBXBuildFile; fileRef = 2C03836D0DE25D5400E6B7D4 /* PacketIP.m */; };
		2C1F34BF0DF675F700C4B98A /* TrafficAnalyzer.h in CopyFiles */ = {isa = PBXBuildFile; fileRef = 2C1F34BD0DF675F700C4B98A /* TrafficAnalyzer.h */; };
		2C1F34C00DF675F700C4B98A /* TrafficAnalyzer.m in Sources */ = {isa = PBXBuildFile; fileRef = 2C1F34BE0DF675F700C4B98A /* TrafficAnalyzer.m */; };
		2C1F34F90DF7013C00C4B98A /* ConnectionIdentifier.h in CopyFiles */ = {isa = PBXBuildFile; fileRef = 2C1F34F70DF7013C00C4B98A /* ConnectionIdentifier.h */; };
		2C1F34FA0DF7013C00C4B98A /* ConnectionIdentifier.m in Sources */ = {isa = PBXBuildFile; fileRef = 2C1F34F80DF7013C00C4B98A /* ConnectionIdentifier.m */; };
		2C1F35D50DF7234E00C4B98A /* DataBlock.h in CopyFiles */ = {isa = PBXBuildFile; fileRef = 2C1F35D30DF7234E00C4B98A /* DataBlock.h */; };
		2C1F35D60DF7234E00C4B98A /* DataBlock.m in Sources */ = {isa = PBXBuildFile; fileRef = 2C1F35D40DF7234E00C4B98A /* DataBlock.m */; };
		2C26D1060DEA9F91000CFA47 /* ConnectionTCP.h in CopyFiles */ = {isa = PBXBuildFile; fileRef = 2C26D1040DEA9F91000CFA47 /* ConnectionTCP.h */; };
		2C26D1070DEA9F91000CFA47 /* ConnectionTCP.m in Sources */ = {isa = PBXBuildFile; fileRef = 2C26D1050DEA9F91000CFA47 /* ConnectionTCP.m */; };
		2C30D79B0DE3F3CF0086A3A1 /* TODO in Resources */ = {isa = PBXBuildFile; fileRef = 2C30D79A0DE3F3CF0086A3A1 /* TODO */; };
		2C41025F0DEA0B2C00B2EC12 /* Security.framework in Frameworks */ = {isa = PBXBuildFile; fileRef = 2C41022A0DEA0B2C00B2EC12 /* Security.framework */; };
		2C46504A0DE27A4C00F0A2EA /* PacketDatalink.h in CopyFiles */ = {isa = PBXBuildFile; fileRef = 2C4650480DE27A4C00F0A2EA /* PacketDatalink.h */; };
		2C46504B0DE27A4C00F0A2EA /* PacketDatalink.m in Sources */ = {isa = PBXBuildFile; fileRef = 2C4650490DE27A4C00F0A2EA /* PacketDatalink.m */; };
		2C487E8C0EDD0A4300628DEA /* HTTPRequestScanner.m in Sources */ = {isa = PBXBuildFile; fileRef = 2C487E8B0EDD0A4300628DEA /* HTTPRequestScanner.m */; };
		2C6104C00EF0796E0055BC20 /* PNGScan.m in Sources */ = {isa = PBXBuildFile; fileRef = 2C6104BF0EF0796E0055BC20 /* PNGScan.m */; };
		2C6A4D370CE5900500D831EB /* libpcap.0.9.8.dylib in Frameworks */ = {isa = PBXBuildFile; fileRef = 2C6A4D360CE5900500D831EB /* libpcap.0.9.8.dylib */; };
		2C6A4D520CE590EB00D831EB /* libpcap.0.9.8.dylib in CopyFiles */ = {isa = PBXBuildFile; fileRef = 2C6A4D360CE5900500D831EB /* libpcap.0.9.8.dylib */; };
		2C9BB4AD0CDFA0E5004E2ABA /* PacketAnalyzer.m in Sources */ = {isa = PBXBuildFile; fileRef = 2C9BB4AC0CDFA0E5004E2ABA /* PacketAnalyzer.m */; };
		2C9BB4C50CDFA685004E2ABA /* PcapPacket.m in Sources */ = {isa = PBXBuildFile; fileRef = 2C9BB4C40CDFA685004E2ABA /* PcapPacket.m */; };
		2CAAD7CD0DE3BB12006838B1 /* PcapPacket.h in CopyFiles */ = {isa = PBXBuildFile; fileRef = 2C9BB4C30CDFA685004E2ABA /* PcapPacket.h */; };
		2CAAD7CE0DE3BB12006838B1 /* PacketTCP.m in Sources */ = {isa = PBXBuildFile; fileRef = 2C46515D0DE2972D00F0A2EA /* PacketTCP.m */; };
		2CD8232A0CDC3F1400CF8239 /* PSBController.m in Sources */ = {isa = PBXBuildFile; fileRef = 2CD823290CDC3F1400CF8239 /* PSBController.m */; };
		2CD823AB0CDC614600CF8239 /* PacketStream.m in Sources */ = {isa = PBXBuildFile; fileRef = 2CD823AA0CDC614600CF8239 /* PacketStream.m */; };
		2CF832550EEB805C0092477E /* ScannerUtils.c in Sources */ = {isa = PBXBuildFile; fileRef = 2CF832530EEB805C0092477E /* ScannerUtils.c */; };
		2CF832630EEB82F20092477E /* PNGScanner.m in Sources */ = {isa = PBXBuildFile; fileRef = 2CF832620EEB82F20092477E /* PNGScanner.m */; };
		2CFCD8850CE03A17001C1B33 /* wingtip.jpg in Resources */ = {isa = PBXBuildFile; fileRef = 2CFCD8840CE03A17001C1B33 /* wingtip.jpg */; };
		2CFCD8870CE03A70001C1B33 /* 128344313412187500isluvliestfa.jpg in Resources */ = {isa = PBXBuildFile; fileRef = 2CFCD8860CE03A70001C1B33 /* 128344313412187500isluvliestfa.jpg */; };
		8D11072A0486CEB800E47090 /* MainMenu.nib in Resources */ = {isa = PBXBuildFile; fileRef = 29B97318FDCFA39411CA2CEA /* MainMenu.nib */; };
		8D11072B0486CEB800E47090 /* InfoPlist.strings in Resources */ = {isa = PBXBuildFile; fileRef = 089C165CFE840E0CC02AAC07 /* InfoPlist.strings */; };
		8D11072D0486CEB800E47090 /* main.m in Sources */ = {isa = PBXBuildFile; fileRef = 29B97316FDCFA39411CA2CEA /* main.m */; settings = {ATTRIBUTES = (); }; };
		8D11072F0486CEB800E47090 /* Cocoa.framework in Frameworks */ = {isa = PBXBuildFile; fileRef = 1058C7A1FEA54F0111CA2CBB /* Cocoa.framework */; };
/* End PBXBuildFile section */

/* Begin PBXCopyFilesBuildPhase section */
		2C6A4D590CE5914200D831EB /* CopyFiles */ = {
			isa = PBXCopyFilesBuildPhase;
			buildActionMask = 12;
			dstPath = ../lib;
			dstSubfolderSpec = 6;
			files = (
				2C6A4D520CE590EB00D831EB /* libpcap.0.9.8.dylib in CopyFiles */,
				2C03810A0DE01FF900E6B7D4 /* PacketTCP.h in CopyFiles */,
				2C03836A0DE25D3500E6B7D4 /* PacketEthernet.h in CopyFiles */,
				2C03836E0DE25D5400E6B7D4 /* PacketIP.h in CopyFiles */,
				2C46504A0DE27A4C00F0A2EA /* PacketDatalink.h in CopyFiles */,
				2CAAD7CD0DE3BB12006838B1 /* PcapPacket.h in CopyFiles */,
				2C26D1060DEA9F91000CFA47 /* ConnectionTCP.h in CopyFiles */,
				2C1F34BF0DF675F700C4B98A /* TrafficAnalyzer.h in CopyFiles */,
				2C1F34F90DF7013C00C4B98A /* ConnectionIdentifier.h in CopyFiles */,
				2C1F35D50DF7234E00C4B98A /* DataBlock.h in CopyFiles */,
			);
			runOnlyForDeploymentPostprocessing = 0;
		};
/* End PBXCopyFilesBuildPhase section */

/* Begin PBXFileReference section */
		089C165DFE840E0CC02AAC07 /* English */ = {isa = PBXFileReference; fileEncoding = 10; lastKnownFileType = text.plist.strings; name = English; path = English.lproj/InfoPlist.strings; sourceTree = "<group>"; };
		1058C7A1FEA54F0111CA2CBB /* Cocoa.framework */ = {isa = PBXFileReference; lastKnownFileType = wrapper.framework; name = Cocoa.framework; path = /System/Library/Frameworks/Cocoa.framework; sourceTree = "<absolute>"; };
		13E42FB307B3F0F600E4EEF1 /* CoreData.framework */ = {isa = PBXFileReference; lastKnownFileType = wrapper.framework; name = CoreData.framework; path = /System/Library/Frameworks/CoreData.framework; sourceTree = "<absolute>"; };
		29B97316FDCFA39411CA2CEA /* main.m */ = {isa = PBXFileReference; fileEncoding = 4; lastKnownFileType = sourcecode.c.objc; path = main.m; sourceTree = "<group>"; };
		29B97319FDCFA39411CA2CEA /* English */ = {isa = PBXFileReference; lastKnownFileType = wrapper.nib; name = English; path = English.lproj/MainMenu.nib; sourceTree = "<group>"; };
		29B97324FDCFA39411CA2CEA /* AppKit.framework */ = {isa = PBXFileReference; lastKnownFileType = wrapper.framework; name = AppKit.framework; path = /System/Library/Frameworks/AppKit.framework; sourceTree = "<absolute>"; };
		29B97325FDCFA39411CA2CEA /* Foundation.framework */ = {isa = PBXFileReference; lastKnownFileType = wrapper.framework; name = Foundation.framework; path = /System/Library/Frameworks/Foundation.framework; sourceTree = "<absolute>"; };
		2C0381080DE01FF900E6B7D4 /* PacketTCP.h */ = {isa = PBXFileReference; fileEncoding = 4; lastKnownFileType = sourcecode.c.h; path = PacketTCP.h; sourceTree = "<group>"; };
		2C0383680DE25D3500E6B7D4 /* PacketEthernet.h */ = {isa = PBXFileReference; fileEncoding = 4; lastKnownFileType = sourcecode.c.h; path = PacketEthernet.h; sourceTree = "<group>"; };
		2C0383690DE25D3500E6B7D4 /* PacketEthernet.m */ = {isa = PBXFileReference; fileEncoding = 4; lastKnownFileType = sourcecode.c.objc; path = PacketEthernet.m; sourceTree = "<group>"; };
		2C03836C0DE25D5400E6B7D4 /* PacketIP.h */ = {isa = PBXFileReference; fileEncoding = 4; lastKnownFileType = sourcecode.c.h; path = PacketIP.h; sourceTree = "<group>"; };
		2C03836D0DE25D5400E6B7D4 /* PacketIP.m */ = {isa = PBXFileReference; fileEncoding = 4; lastKnownFileType = sourcecode.c.objc; path = PacketIP.m; sourceTree = "<group>"; };
		2C1F34BD0DF675F700C4B98A /* TrafficAnalyzer.h */ = {isa = PBXFileReference; fileEncoding = 4; lastKnownFileType = sourcecode.c.h; path = TrafficAnalyzer.h; sourceTree = "<group>"; };
		2C1F34BE0DF675F700C4B98A /* TrafficAnalyzer.m */ = {isa = PBXFileReference; fileEncoding = 4; lastKnownFileType = sourcecode.c.objc; path = TrafficAnalyzer.m; sourceTree = "<group>"; };
		2C1F34F70DF7013C00C4B98A /* ConnectionIdentifier.h */ = {isa = PBXFileReference; fileEncoding = 4; lastKnownFileType = sourcecode.c.h; path = ConnectionIdentifier.h; sourceTree = "<group>"; };
		2C1F34F80DF7013C00C4B98A /* ConnectionIdentifier.m */ = {isa = PBXFileReference; fileEncoding = 4; lastKnownFileType = sourcecode.c.objc; path = ConnectionIdentifier.m; sourceTree = "<group>"; };
		2C1F35D30DF7234E00C4B98A /* DataBlock.h */ = {isa = PBXFileReference; fileEncoding = 4; lastKnownFileType = sourcecode.c.h; path = DataBlock.h; sourceTree = "<group>"; };
		2C1F35D40DF7234E00C4B98A /* DataBlock.m */ = {isa = PBXFileReference; fileEncoding = 4; lastKnownFileType = sourcecode.c.objc; path = DataBlock.m; sourceTree = "<group>"; };
		2C26D1040DEA9F91000CFA47 /* ConnectionTCP.h */ = {isa = PBXFileReference; fileEncoding = 4; lastKnownFileType = sourcecode.c.h; path = ConnectionTCP.h; sourceTree = "<group>"; };
		2C26D1050DEA9F91000CFA47 /* ConnectionTCP.m */ = {isa = PBXFileReference; fileEncoding = 4; lastKnownFileType = sourcecode.c.objc; path = ConnectionTCP.m; sourceTree = "<group>"; };
		2C30D79A0DE3F3CF0086A3A1 /* TODO */ = {isa = PBXFileReference; fileEncoding = 4; lastKnownFileType = text; path = TODO; sourceTree = "<group>"; };
		2C41022A0DEA0B2C00B2EC12 /* Security.framework */ = {isa = PBXFileReference; lastKnownFileType = wrapper.framework; name = Security.framework; path = /System/Library/Frameworks/Security.framework; sourceTree = "<absolute>"; };
		2C4650480DE27A4C00F0A2EA /* PacketDatalink.h */ = {isa = PBXFileReference; fileEncoding = 4; lastKnownFileType = sourcecode.c.h; path = PacketDatalink.h; sourceTree = "<group>"; };
		2C4650490DE27A4C00F0A2EA /* PacketDatalink.m */ = {isa = PBXFileReference; fileEncoding = 4; lastKnownFileType = sourcecode.c.objc; path = PacketDatalink.m; sourceTree = "<group>"; };
		2C46515D0DE2972D00F0A2EA /* PacketTCP.m */ = {isa = PBXFileReference; fileEncoding = 4; lastKnownFileType = sourcecode.c.objc; path = PacketTCP.m; sourceTree = "<group>"; };
		2C487E8A0EDD0A4300628DEA /* HTTPRequestScanner.h */ = {isa = PBXFileReference; fileEncoding = 4; lastKnownFileType = sourcecode.c.h; path = HTTPRequestScanner.h; sourceTree = "<group>"; };
		2C487E8B0EDD0A4300628DEA /* HTTPRequestScanner.m */ = {isa = PBXFileReference; fileEncoding = 4; lastKnownFileType = sourcecode.c.objc; path = HTTPRequestScanner.m; sourceTree = "<group>"; };
		2C6104BE0EF0796E0055BC20 /* PNGScan.h */ = {isa = PBXFileReference; fileEncoding = 4; lastKnownFileType = sourcecode.c.h; path = PNGScan.h; sourceTree = "<group>"; };
		2C6104BF0EF0796E0055BC20 /* PNGScan.m */ = {isa = PBXFileReference; fileEncoding = 4; lastKnownFileType = sourcecode.c.objc; path = PNGScan.m; sourceTree = "<group>"; };
		2C6A4D360CE5900500D831EB /* libpcap.0.9.8.dylib */ = {isa = PBXFileReference; lastKnownFileType = "compiled.mach-o.dylib"; path = libpcap.0.9.8.dylib; sourceTree = "<group>"; };
		2C9BB4AB0CDFA0E5004E2ABA /* PacketAnalyzer.h */ = {isa = PBXFileReference; fileEncoding = 4; lastKnownFileType = sourcecode.c.h; path = PacketAnalyzer.h; sourceTree = "<group>"; };
		2C9BB4AC0CDFA0E5004E2ABA /* PacketAnalyzer.m */ = {isa = PBXFileReference; fileEncoding = 4; lastKnownFileType = sourcecode.c.objc; path = PacketAnalyzer.m; sourceTree = "<group>"; };
		2C9BB4C30CDFA685004E2ABA /* PcapPacket.h */ = {isa = PBXFileReference; fileEncoding = 4; lastKnownFileType = sourcecode.c.h; path = PcapPacket.h; sourceTree = "<group>"; };
		2C9BB4C40CDFA685004E2ABA /* PcapPacket.m */ = {isa = PBXFileReference; fileEncoding = 4; lastKnownFileType = sourcecode.c.objc; path = PcapPacket.m; sourceTree = "<group>"; };
		2CD823280CDC3F1400CF8239 /* PSBController.h */ = {isa = PBXFileReference; fileEncoding = 30; lastKnownFileType = sourcecode.c.h; path = PSBController.h; sourceTree = "<group>"; };
		2CD823290CDC3F1400CF8239 /* PSBController.m */ = {isa = PBXFileReference; fileEncoding = 30; lastKnownFileType = sourcecode.c.objc; path = PSBController.m; sourceTree = "<group>"; };
		2CD823A90CDC614600CF8239 /* PacketStream.h */ = {isa = PBXFileReference; fileEncoding = 4; lastKnownFileType = sourcecode.c.h; path = PacketStream.h; sourceTree = "<group>"; };
		2CD823AA0CDC614600CF8239 /* PacketStream.m */ = {isa = PBXFileReference; fileEncoding = 4; lastKnownFileType = sourcecode.c.objc; path = PacketStream.m; sourceTree = "<group>"; };
		2CF832530EEB805C0092477E /* ScannerUtils.c */ = {isa = PBXFileReference; fileEncoding = 4; lastKnownFileType = sourcecode.c.c; path = ScannerUtils.c; sourceTree = "<group>"; };
		2CF832540EEB805C0092477E /* ScannerUtils.h */ = {isa = PBXFileReference; fileEncoding = 4; lastKnownFileType = sourcecode.c.h; path = ScannerUtils.h; sourceTree = "<group>"; };
		2CF832610EEB82F20092477E /* PNGScanner.h */ = {isa = PBXFileReference; fileEncoding = 4; lastKnownFileType = sourcecode.c.h; path = PNGScanner.h; sourceTree = "<group>"; };
		2CF832620EEB82F20092477E /* PNGScanner.m */ = {isa = PBXFileReference; fileEncoding = 4; lastKnownFileType = sourcecode.c.objc; path = PNGScanner.m; sourceTree = "<group>"; };
		2CFCD8840CE03A17001C1B33 /* wingtip.jpg */ = {isa = PBXFileReference; lastKnownFileType = image.jpeg; path = wingtip.jpg; sourceTree = "<group>"; };
		2CFCD8860CE03A70001C1B33 /* 128344313412187500isluvliestfa.jpg */ = {isa = PBXFileReference; lastKnownFileType = image.jpeg; path = 128344313412187500isluvliestfa.jpg; sourceTree = "<group>"; };
		32CA4F630368D1EE00C91783 /* PcapSandbox_Prefix.pch */ = {isa = PBXFileReference; fileEncoding = 4; lastKnownFileType = sourcecode.c.h; path = PcapSandbox_Prefix.pch; sourceTree = "<group>"; };
		8D1107310486CEB800E47090 /* Info.plist */ = {isa = PBXFileReference; fileEncoding = 4; lastKnownFileType = text.plist; path = Info.plist; sourceTree = "<group>"; };
		8D1107320486CEB800E47090 /* PcapSandbox.app */ = {isa = PBXFileReference; explicitFileType = wrapper.application; includeInIndex = 0; path = PcapSandbox.app; sourceTree = BUILT_PRODUCTS_DIR; };
/* End PBXFileReference section */

/* Begin PBXFrameworksBuildPhase section */
		8D11072E0486CEB800E47090 /* Frameworks */ = {
			isa = PBXFrameworksBuildPhase;
			buildActionMask = 2147483647;
			files = (
				8D11072F0486CEB800E47090 /* Cocoa.framework in Frameworks */,
				2C6A4D370CE5900500D831EB /* libpcap.0.9.8.dylib in Frameworks */,
				2C41025F0DEA0B2C00B2EC12 /* Security.framework in Frameworks */,
			);
			runOnlyForDeploymentPostprocessing = 0;
		};
/* End PBXFrameworksBuildPhase section */

/* Begin PBXGroup section */
		080E96DDFE201D6D7F000001 /* Classes */ = {
			isa = PBXGroup;
			children = (
				2CD823280CDC3F1400CF8239 /* PSBController.h */,
				2CD823290CDC3F1400CF8239 /* PSBController.m */,
				2CD823A90CDC614600CF8239 /* PacketStream.h */,
				2CD823AA0CDC614600CF8239 /* PacketStream.m */,
				2C26D1040DEA9F91000CFA47 /* ConnectionTCP.h */,
				2C26D1050DEA9F91000CFA47 /* ConnectionTCP.m */,
				2C1F34BD0DF675F700C4B98A /* TrafficAnalyzer.h */,
				2C1F34BE0DF675F700C4B98A /* TrafficAnalyzer.m */,
				2C1F34F70DF7013C00C4B98A /* ConnectionIdentifier.h */,
				2C1F34F80DF7013C00C4B98A /* ConnectionIdentifier.m */,
				2C1F35D30DF7234E00C4B98A /* DataBlock.h */,
				2C1F35D40DF7234E00C4B98A /* DataBlock.m */,
				2C0383670DE25CF600E6B7D4 /* PacketLib */,
				2C487EA50EDE25FE00628DEA /* Unused */,
			);
			name = Classes;
			sourceTree = "<group>";
		};
		1058C7A0FEA54F0111CA2CBB /* Linked Frameworks */ = {
			isa = PBXGroup;
			children = (
				2C41022A0DEA0B2C00B2EC12 /* Security.framework */,
				1058C7A1FEA54F0111CA2CBB /* Cocoa.framework */,
			);
			name = "Linked Frameworks";
			sourceTree = "<group>";
		};
		1058C7A2FEA54F0111CA2CBB /* Other Frameworks */ = {
			isa = PBXGroup;
			children = (
				29B97324FDCFA39411CA2CEA /* AppKit.framework */,
				13E42FB307B3F0F600E4EEF1 /* CoreData.framework */,
				29B97325FDCFA39411CA2CEA /* Foundation.framework */,
			);
			name = "Other Frameworks";
			sourceTree = "<group>";
		};
		19C28FACFE9D520D11CA2CBB /* Products */ = {
			isa = PBXGroup;
			children = (
				8D1107320486CEB800E47090 /* PcapSandbox.app */,
			);
			name = Products;
			sourceTree = "<group>";
		};
		29B97314FDCFA39411CA2CEA /* PcapSandbox */ = {
			isa = PBXGroup;
			children = (
				2CF8325A0EEB816E0092477E /* Scanners */,
				080E96DDFE201D6D7F000001 /* Classes */,
				29B97315FDCFA39411CA2CEA /* Other Sources */,
				29B97317FDCFA39411CA2CEA /* Resources */,
				29B97323FDCFA39411CA2CEA /* Frameworks */,
				19C28FACFE9D520D11CA2CBB /* Products */,
			);
			name = PcapSandbox;
			sourceTree = "<group>";
		};
		29B97315FDCFA39411CA2CEA /* Other Sources */ = {
			isa = PBXGroup;
			children = (
				32CA4F630368D1EE00C91783 /* PcapSandbox_Prefix.pch */,
				29B97316FDCFA39411CA2CEA /* main.m */,
			);
			name = "Other Sources";
			sourceTree = "<group>";
		};
		29B97317FDCFA39411CA2CEA /* Resources */ = {
			isa = PBXGroup;
			children = (
				2CFCD8860CE03A70001C1B33 /* 128344313412187500isluvliestfa.jpg */,
				2CFCD8840CE03A17001C1B33 /* wingtip.jpg */,
				8D1107310486CEB800E47090 /* Info.plist */,
				089C165CFE840E0CC02AAC07 /* InfoPlist.strings */,
				29B97318FDCFA39411CA2CEA /* MainMenu.nib */,
				2C30D79A0DE3F3CF0086A3A1 /* TODO */,
			);
			name = Resources;
			sourceTree = "<group>";
		};
		29B97323FDCFA39411CA2CEA /* Frameworks */ = {
			isa = PBXGroup;
			children = (
				2C6A4D390CE5902A00D831EB /* lib */,
				1058C7A0FEA54F0111CA2CBB /* Linked Frameworks */,
				1058C7A2FEA54F0111CA2CBB /* Other Frameworks */,
			);
			name = Frameworks;
			sourceTree = "<group>";
		};
		2C0383670DE25CF600E6B7D4 /* PacketLib */ = {
			isa = PBXGroup;
			children = (
				2C9BB4C30CDFA685004E2ABA /* PcapPacket.h */,
				2C9BB4C40CDFA685004E2ABA /* PcapPacket.m */,
				2C0381080DE01FF900E6B7D4 /* PacketTCP.h */,
				2C46515D0DE2972D00F0A2EA /* PacketTCP.m */,
				2C0383680DE25D3500E6B7D4 /* PacketEthernet.h */,
				2C0383690DE25D3500E6B7D4 /* PacketEthernet.m */,
				2C03836C0DE25D5400E6B7D4 /* PacketIP.h */,
				2C03836D0DE25D5400E6B7D4 /* PacketIP.m */,
				2C4650480DE27A4C00F0A2EA /* PacketDatalink.h */,
				2C4650490DE27A4C00F0A2EA /* PacketDatalink.m */,
			);
			name = PacketLib;
			sourceTree = "<group>";
		};
		2C487EA50EDE25FE00628DEA /* Unused */ = {
			isa = PBXGroup;
			children = (
				2C9BB4AB0CDFA0E5004E2ABA /* PacketAnalyzer.h */,
				2C9BB4AC0CDFA0E5004E2ABA /* PacketAnalyzer.m */,
			);
			name = Unused;
			sourceTree = "<group>";
		};
		2C6A4D390CE5902A00D831EB /* lib */ = {
			isa = PBXGroup;
			children = (
				2C6A4D360CE5900500D831EB /* libpcap.0.9.8.dylib */,
			);
			name = lib;
			sourceTree = "<group>";
		};
		2CF8325A0EEB816E0092477E /* Scanners */ = {
			isa = PBXGroup;
			children = (
				2C6104BE0EF0796E0055BC20 /* PNGScan.h */,
				2C6104BF0EF0796E0055BC20 /* PNGScan.m */,
				2CF832530EEB805C0092477E /* ScannerUtils.c */,
				2CF832540EEB805C0092477E /* ScannerUtils.h */,
				2C487E8A0EDD0A4300628DEA /* HTTPRequestScanner.h */,
				2C487E8B0EDD0A4300628DEA /* HTTPRequestScanner.m */,
				2CF832610EEB82F20092477E /* PNGScanner.h */,
				2CF832620EEB82F20092477E /* PNGScanner.m */,
			);
			name = Scanners;
			sourceTree = "<group>";
		};
/* End PBXGroup section */

/* Begin PBXNativeTarget section */
		8D1107260486CEB800E47090 /* PcapSandbox */ = {
			isa = PBXNativeTarget;
			buildConfigurationList = C01FCF4A08A954540054247B /* Build configuration list for PBXNativeTarget "PcapSandbox" */;
			buildPhases = (
				8D1107290486CEB800E47090 /* Resources */,
				2C6A4D590CE5914200D831EB /* CopyFiles */,
				8D11072C0486CEB800E47090 /* Sources */,
				8D11072E0486CEB800E47090 /* Frameworks */,
			);
			buildRules = (
			);
			dependencies = (
			);
			name = PcapSandbox;
			productInstallPath = "$(HOME)/Applications";
			productName = PcapSandbox;
			productReference = 8D1107320486CEB800E47090 /* PcapSandbox.app */;
			productType = "com.apple.product-type.application";
		};
/* End PBXNativeTarget section */

/* Begin PBXProject section */
		29B97313FDCFA39411CA2CEA /* Project object */ = {
			isa = PBXProject;
			buildConfigurationList = C01FCF4E08A954540054247B /* Build configuration list for PBXProject "PcapSandbox" */;
			compatibilityVersion = "Xcode 2.4";
			hasScannedForEncodings = 1;
			mainGroup = 29B97314FDCFA39411CA2CEA /* PcapSandbox */;
			projectDirPath = "";
			projectRoot = "";
			targets = (
				8D1107260486CEB800E47090 /* PcapSandbox */,
			);
		};
/* End PBXProject section */

/* Begin PBXResourcesBuildPhase section */
		8D1107290486CEB800E47090 /* Resources */ = {
			isa = PBXResourcesBuildPhase;
			buildActionMask = 2147483647;
			files = (
				8D11072A0486CEB800E47090 /* MainMenu.nib in Resources */,
				8D11072B0486CEB800E47090 /* InfoPlist.strings in Resources */,
				2CFCD8850CE03A17001C1B33 /* wingtip.jpg in Resources */,
				2CFCD8870CE03A70001C1B33 /* 128344313412187500isluvliestfa.jpg in Resources */,
				2C30D79B0DE3F3CF0086A3A1 /* TODO in Resources */,
			);
			runOnlyForDeploymentPostprocessing = 0;
		};
/* End PBXResourcesBuildPhase section */

/* Begin PBXSourcesBuildPhase section */
		8D11072C0486CEB800E47090 /* Sources */ = {
			isa = PBXSourcesBuildPhase;
			buildActionMask = 2147483647;
			files = (
				8D11072D0486CEB800E47090 /* main.m in Sources */,
				2CD8232A0CDC3F1400CF8239 /* PSBController.m in Sources */,
				2CD823AB0CDC614600CF8239 /* PacketStream.m in Sources */,
				2C9BB4AD0CDFA0E5004E2ABA /* PacketAnalyzer.m in Sources */,
				2C9BB4C50CDFA685004E2ABA /* PcapPacket.m in Sources */,
				2C03836B0DE25D3500E6B7D4 /* PacketEthernet.m in Sources */,
				2C03836F0DE25D5400E6B7D4 /* PacketIP.m in Sources */,
				2C46504B0DE27A4C00F0A2EA /* PacketDatalink.m in Sources */,
				2CAAD7CE0DE3BB12006838B1 /* PacketTCP.m in Sources */,
				2C26D1070DEA9F91000CFA47 /* ConnectionTCP.m in Sources */,
				2C1F34C00DF675F700C4B98A /* TrafficAnalyzer.m in Sources */,
				2C1F34FA0DF7013C00C4B98A /* ConnectionIdentifier.m in Sources */,
				2C1F35D60DF7234E00C4B98A /* DataBlock.m in Sources */,
				2C487E8C0EDD0A4300628DEA /* HTTPRequestScanner.m in Sources */,
				2CF832550EEB805C0092477E /* ScannerUtils.c in Sources */,
				2CF832630EEB82F20092477E /* PNGScanner.m in Sources */,
				2C6104C00EF0796E0055BC20 /* PNGScan.m in Sources */,
			);
			runOnlyForDeploymentPostprocessing = 0;
		};
/* End PBXSourcesBuildPhase section */

/* Begin PBXVariantGroup section */
		089C165CFE840E0CC02AAC07 /* InfoPlist.strings */ = {
			isa = PBXVariantGroup;
			children = (
				089C165DFE840E0CC02AAC07 /* English */,
			);
			name = InfoPlist.strings;
			sourceTree = "<group>";
		};
		29B97318FDCFA39411CA2CEA /* MainMenu.nib */ = {
			isa = PBXVariantGroup;
			children = (
				29B97319FDCFA39411CA2CEA /* English */,
			);
			name = MainMenu.nib;
			sourceTree = "<group>";
		};
/* End PBXVariantGroup section */

/* Begin XCBuildConfiguration section */
		C01FCF4B08A954540054247B /* Debug */ = {
			isa = XCBuildConfiguration;
			buildSettings = {
				COPY_PHASE_STRIP = NO;
				GCC_DYNAMIC_NO_PIC = NO;
				GCC_ENABLE_FIX_AND_CONTINUE = YES;
				GCC_MODEL_TUNING = G5;
				GCC_OPTIMIZATION_LEVEL = 0;
				INFOPLIST_FILE = Info.plist;
				INSTALL_PATH = "$(HOME)/Applications";
				LIBRARY_SEARCH_PATHS = (
					"$(inherited)",
					"$(LIBRARY_SEARCH_PATHS_QUOTED_1)",
				);
				LIBRARY_SEARCH_PATHS_QUOTED_1 = "\"$(SRCROOT)\"";
				PRODUCT_NAME = PcapSandbox;
				WRAPPER_EXTENSION = app;
				ZERO_LINK = NO;
			};
			name = Debug;
		};
		C01FCF4C08A954540054247B /* Release */ = {
			isa = XCBuildConfiguration;
			buildSettings = {
				ARCHS = (
					ppc,
					i386,
				);
				GCC_GENERATE_DEBUGGING_SYMBOLS = NO;
				GCC_MODEL_TUNING = G5;
				INFOPLIST_FILE = Info.plist;
				INSTALL_PATH = "$(HOME)/Applications";
				LIBRARY_SEARCH_PATHS = (
					"$(inherited)",
					"$(LIBRARY_SEARCH_PATHS_QUOTED_1)",
				);
				LIBRARY_SEARCH_PATHS_QUOTED_1 = "\"$(SRCROOT)\"";
				PRODUCT_NAME = PcapSandbox;
				WRAPPER_EXTENSION = app;
				ZERO_LINK = NO;
			};
			name = Release;
		};
		C01FCF4F08A954540054247B /* Debug */ = {
			isa = XCBuildConfiguration;
			buildSettings = {
				GCC_WARN_ABOUT_RETURN_TYPE = YES;
				GCC_WARN_UNUSED_VARIABLE = YES;
				PREBINDING = NO;
				SDKROOT = /Developer/SDKs/MacOSX10.4u.sdk;
				ZERO_LINK = YES;
			};
			name = Debug;
		};
		C01FCF5008A954540054247B /* Release */ = {
			isa = XCBuildConfiguration;
			buildSettings = {
				GCC_WARN_ABOUT_RETURN_TYPE = YES;
				GCC_WARN_UNUSED_VARIABLE = YES;
				PREBINDING = NO;
				SDKROOT = /Developer/SDKs/MacOSX10.4u.sdk;
				ZERO_LINK = YES;
			};
			name = Release;
		};
/* End XCBuildConfiguration section */

/* Begin XCConfigurationList section */
		C01FCF4A08A954540054247B /* Build configuration list for PBXNativeTarget "PcapSandbox" */ = {
			isa = XCConfigurationList;
			buildConfigurations = (
				C01FCF4B08A954540054247B /* Debug */,
				C01FCF4C08A954540054247B /* Release */,
			);
			defaultConfigurationIsVisible = 0;
			defaultConfigurationName = Release;
		};
		C01FCF4E08A954540054247B /* Build configuration list for PBXProject "PcapSandbox" */ = {
			isa = XCConfigurationList;
			buildConfigurations = (
				C01FCF4F08A954540054247B /* Debug */,
				C01FCF5008A954540054247B /* Release */,
			);
			defaultConfigurationIsVisible = 0;
			defaultConfigurationName = Release;
		};
/* End XCConfigurationList section */
	};
	rootObject = 29B97313FDCFA39411CA2CEA /* Project object */;
}
